
Microsoft Visual Studio Solution File, Format Version 12.00
# Visual Studio Version 16
VisualStudioVersion = 16.0.31112.23
MinimumVisualStudioVersion = 10.0.40219.1
Project("{FAE04EC0-301F-11D3-BF4B-00C04F79EFBC}") = "qLogicsDev", "qLogicsDev.csproj", "{53C2A0F4-2D53-45F6-8E0D-2E1DD9078C2A}"
EndProject
Global
	GlobalSection(SolutionConfigurationPlatforms) = preSolution
		Debug|Any CPU = Debug|Any CPU
		Release|Any CPU = Release|Any CPU
	EndGlobalSection
	GlobalSection(ProjectConfigurationPlatforms) = postSolution
		{53C2A0F4-2D53-45F6-8E0D-2E1DD9078C2A}.Debug|Any CPU.ActiveCfg = Debug|Any CPU
		{53C2A0F4-2D53-45F6-8E0D-2E1DD9078C2A}.Debug|Any CPU.Build.0 = Debug|Any CPU
		{53C2A0F4-2D53-45F6-8E0D-2E1DD9078C2A}.Release|Any CPU.ActiveCfg = Release|Any CPU
		{53C2A0F4-2D53-45F6-8E0D-2E1DD9078C2A}.Release|Any CPU.Build.0 = Release|Any CPU
	EndGlobalSection
	GlobalSection(SolutionProperties) = preSolution
		HideSolutionNode = FALSE
	EndGlobalSection
	GlobalSection(ExtensibilityGlobals) = postSolution
		SolutionGuid = {EA3E7448-C0B4-4C52-A05C-A97D8D84F583}
	EndGlobalSection
EndGlobal
